
Microsoft Visual Studio Solution File, Format Version 12.00
# Visual Studio Version 16
VisualStudioVersion = 16.0.29215.179
MinimumVisualStudioVersion = 10.0.40219.1
Project("{FAE04EC0-301F-11D3-BF4B-00C04F79EFBC}") = "RavaDemo", "RavaDemo\RavaDemo.csproj", "{FC513FB6-DDA0-4AF5-9F0C-FE1B261BFA92}"
EndProject
Project("{FAE04EC0-301F-11D3-BF4B-00C04F79EFBC}") = "RavaModel", "RavaModel\RavaModel.csproj", "{18BF4CCF-60D7-4572-80C4-6FCD02E0F492}"
EndProject
Project("{FAE04EC0-301F-11D3-BF4B-00C04F79EFBC}") = "RavaDAO", "RavaDAO\RavaDAO.csproj", "{A44BEA87-EFFE-44C3-85AD-C09E3784503C}"
EndProject
Project("{FAE04EC0-301F-11D3-BF4B-00C04F79EFBC}") = "RavaBLL", "RavaBLL\RavaBLL.csproj", "{971CE161-C522-4BEF-8E98-FFE9C3F81F8B}"
EndProject
Global
	GlobalSection(SolutionConfigurationPlatforms) = preSolution
		Debug|Any CPU = Debug|Any CPU
		Release|Any CPU = Release|Any CPU
	EndGlobalSection
	GlobalSection(ProjectConfigurationPlatforms) = postSolution
		{FC513FB6-DDA0-4AF5-9F0C-FE1B261BFA92}.Debug|Any CPU.ActiveCfg = Debug|Any CPU
		{FC513FB6-DDA0-4AF5-9F0C-FE1B261BFA92}.Debug|Any CPU.Build.0 = Debug|Any CPU
		{FC513FB6-DDA0-4AF5-9F0C-FE1B261BFA92}.Release|Any CPU.ActiveCfg = Release|Any CPU
		{FC513FB6-DDA0-4AF5-9F0C-FE1B261BFA92}.Release|Any CPU.Build.0 = Release|Any CPU
		{18BF4CCF-60D7-4572-80C4-6FCD02E0F492}.Debug|Any CPU.ActiveCfg = Debug|Any CPU
		{18BF4CCF-60D7-4572-80C4-6FCD02E0F492}.Debug|Any CPU.Build.0 = Debug|Any CPU
		{18BF4CCF-60D7-4572-80C4-6FCD02E0F492}.Release|Any CPU.ActiveCfg = Release|Any CPU
		{18BF4CCF-60D7-4572-80C4-6FCD02E0F492}.Release|Any CPU.Build.0 = Release|Any CPU
		{A44BEA87-EFFE-44C3-85AD-C09E3784503C}.Debug|Any CPU.ActiveCfg = Debug|Any CPU
		{A44BEA87-EFFE-44C3-85AD-C09E3784503C}.Debug|Any CPU.Build.0 = Debug|Any CPU
		{A44BEA87-EFFE-44C3-85AD-C09E3784503C}.Release|Any CPU.ActiveCfg = Release|Any CPU
		{A44BEA87-EFFE-44C3-85AD-C09E3784503C}.Release|Any CPU.Build.0 = Release|Any CPU
		{971CE161-C522-4BEF-8E98-FFE9C3F81F8B}.Debug|Any CPU.ActiveCfg = Debug|Any CPU
		{971CE161-C522-4BEF-8E98-FFE9C3F81F8B}.Debug|Any CPU.Build.0 = Debug|Any CPU
		{971CE161-C522-4BEF-8E98-FFE9C3F81F8B}.Release|Any CPU.ActiveCfg = Release|Any CPU
		{971CE161-C522-4BEF-8E98-FFE9C3F81F8B}.Release|Any CPU.Build.0 = Release|Any CPU
	EndGlobalSection
	GlobalSection(SolutionProperties) = preSolution
		HideSolutionNode = FALSE
	EndGlobalSection
	GlobalSection(ExtensibilityGlobals) = postSolution
		SolutionGuid = {0B0340CB-CB5F-427D-A326-A3BE62D99327}
	EndGlobalSection
EndGlobal
