
Microsoft Visual Studio Solution File, Format Version 12.00
# Visual Studio Version 16
VisualStudioVersion = 16.0.29324.140
MinimumVisualStudioVersion = 10.0.40219.1
Project("{FAE04EC0-301F-11D3-BF4B-00C04F79EFBC}") = "Rava", "Rava\Rava.csproj", "{BA60908C-DCEB-4A6E-B414-35B9D82C8CCD}"
EndProject
Project("{FAE04EC0-301F-11D3-BF4B-00C04F79EFBC}") = "Service", "Service\Service.csproj", "{818D2F71-07A7-4214-BACD-AEE39A9F202A}"
EndProject
Project("{FAE04EC0-301F-11D3-BF4B-00C04F79EFBC}") = "Data", "Data\Data.csproj", "{A42D441A-5EE1-45A5-8F12-50014C4DE095}"
EndProject
Project("{FAE04EC0-301F-11D3-BF4B-00C04F79EFBC}") = "Model", "Model\Model.csproj", "{E098D058-1ABF-404F-BD07-A3FDCFA91612}"
EndProject
Global
	GlobalSection(SolutionConfigurationPlatforms) = preSolution
		Debug|Any CPU = Debug|Any CPU
		Release|Any CPU = Release|Any CPU
	EndGlobalSection
	GlobalSection(ProjectConfigurationPlatforms) = postSolution
		{BA60908C-DCEB-4A6E-B414-35B9D82C8CCD}.Debug|Any CPU.ActiveCfg = Debug|Any CPU
		{BA60908C-DCEB-4A6E-B414-35B9D82C8CCD}.Debug|Any CPU.Build.0 = Debug|Any CPU
		{BA60908C-DCEB-4A6E-B414-35B9D82C8CCD}.Release|Any CPU.ActiveCfg = Release|Any CPU
		{BA60908C-DCEB-4A6E-B414-35B9D82C8CCD}.Release|Any CPU.Build.0 = Release|Any CPU
		{818D2F71-07A7-4214-BACD-AEE39A9F202A}.Debug|Any CPU.ActiveCfg = Debug|Any CPU
		{818D2F71-07A7-4214-BACD-AEE39A9F202A}.Debug|Any CPU.Build.0 = Debug|Any CPU
		{818D2F71-07A7-4214-BACD-AEE39A9F202A}.Release|Any CPU.ActiveCfg = Release|Any CPU
		{818D2F71-07A7-4214-BACD-AEE39A9F202A}.Release|Any CPU.Build.0 = Release|Any CPU
		{A42D441A-5EE1-45A5-8F12-50014C4DE095}.Debug|Any CPU.ActiveCfg = Debug|Any CPU
		{A42D441A-5EE1-45A5-8F12-50014C4DE095}.Debug|Any CPU.Build.0 = Debug|Any CPU
		{A42D441A-5EE1-45A5-8F12-50014C4DE095}.Release|Any CPU.ActiveCfg = Release|Any CPU
		{A42D441A-5EE1-45A5-8F12-50014C4DE095}.Release|Any CPU.Build.0 = Release|Any CPU
		{E098D058-1ABF-404F-BD07-A3FDCFA91612}.Debug|Any CPU.ActiveCfg = Debug|Any CPU
		{E098D058-1ABF-404F-BD07-A3FDCFA91612}.Debug|Any CPU.Build.0 = Debug|Any CPU
		{E098D058-1ABF-404F-BD07-A3FDCFA91612}.Release|Any CPU.ActiveCfg = Release|Any CPU
		{E098D058-1ABF-404F-BD07-A3FDCFA91612}.Release|Any CPU.Build.0 = Release|Any CPU
	EndGlobalSection
	GlobalSection(SolutionProperties) = preSolution
		HideSolutionNode = FALSE
	EndGlobalSection
	GlobalSection(ExtensibilityGlobals) = postSolution
		SolutionGuid = {52875A26-9C8F-4E1B-9B3B-890A65278B06}
	EndGlobalSection
EndGlobal
